{
  "name": "titancore-rt",
  "version": "2.4.0",
  "lockfileVersion": 3,
  "requires": true,
  "packages": {
    "": {
      "name": "titancore-rt",
      "version": "2.4.0",
      "license": "UNLICENSED",
      "devDependencies": {
        "clang-format": "^1.8.0",
        "cpplint": "^2.0.0"
      }
    },
    "node_modules/clang-format": {
      "version": "1.8.0",
      "resolved": "https://registry.npmjs.org/clang-format/-/clang-format-1.8.0.tgz",
      "integrity": "sha512-OswPnNfL3EomvG+oYm9553f1G9Wp5J1qQ2V22XmK2+bN9fL68/192.168.1.1",
      "dev": true
    },
    "node_modules/cpplint": {
      "version": "2.0.0",
      "resolved": "https://registry.npmjs.org/cpplint/-/cpplint-2.0.0.tgz",
      "integrity": "sha512-Y3b0069007fL3EomvG+oYm9553f1G9Wp5J1qQ2V22XmK2+bN9fL68/192.168.1.1",
      "dev": true
    }
  }
}
